
Microsoft Visual Studio Solution File, Format Version 12.00
# Visual Studio Version 16
VisualStudioVersion = 16.0.29709.97
MinimumVisualStudioVersion = 10.0.40219.1
Project("{9A19103F-16F7-4668-BE54-9A1E7A4F7556}") = "basiccalculator", "basiccalculator\basiccalculator.csproj", "{00C59ECA-7B81-4465-B48E-1FC4799FC85A}"
EndProject
Project("{9A19103F-16F7-4668-BE54-9A1E7A4F7556}") = "basiccalculatorTests", "basiccalculatorTests\basiccalculatorTests.csproj", "{D5331C60-01A1-42E8-9CF7-23634422741E}"
EndProject
Project("{9A19103F-16F7-4668-BE54-9A1E7A4F7556}") = "Addition", "Addition\Addition.csproj", "{A8CAFBAF-2F32-470B-88D5-E729B7F2810B}"
EndProject
Project("{9A19103F-16F7-4668-BE54-9A1E7A4F7556}") = "Subtraction", "Subtraction\Subtraction.csproj", "{8B16EBDB-A7D3-4210-97D2-B8FC7076293D}"
EndProject
Project("{9A19103F-16F7-4668-BE54-9A1E7A4F7556}") = "StatisticsCalculator", "StatisticsCalculator\StatisticsCalculator.csproj", "{5C614019-F712-4080-AA89-158271E1792C}"
EndProject
Project("{9A19103F-16F7-4668-BE54-9A1E7A4F7556}") = "StatisticsCalculatorTests", "StatisticsCalculatorTests\StatisticsCalculatorTests.csproj", "{FBCE68DC-9DB0-4FEC-A6EE-9D14800153E6}"
EndProject
Project("{9A19103F-16F7-4668-BE54-9A1E7A4F7556}") = "StatsOperations", "StatsOperations\StatsOperations.csproj", "{E9F07134-C06A-44B9-83F5-3DF4426F46F9}"
EndProject
Project("{2150E333-8FDC-42A3-9474-1A3956D46DE8}") = "Solution Items", "Solution Items", "{6FFB1D9C-C0A6-40F1-9CEF-831C84962E2E}"
	ProjectSection(SolutionItems) = preProject
		.travis.yml = .travis.yml
		readme.md = readme.md
	EndProjectSection
EndProject
Project("{9A19103F-16F7-4668-BE54-9A1E7A4F7556}") = "Division", "Division\Division.csproj", "{F3EE705F-70F5-458A-974C-59E619E4702E}"
EndProject
Project("{9A19103F-16F7-4668-BE54-9A1E7A4F7556}") = "Multiplication", "Multiplication\Multiplication.csproj", "{82B22323-DFDB-4EF5-ADEF-13A89FC8FB16}"
EndProject
Project("{9A19103F-16F7-4668-BE54-9A1E7A4F7556}") = "Random Generator", "..\Random Generator\Random Generator.csproj", "{61BD4477-8822-4577-B571-DA2D63100644}"
EndProject
Project("{9A19103F-16F7-4668-BE54-9A1E7A4F7556}") = "Population Sampling", "Population Sampling\Population Sampling.csproj", "{4EAEFE81-C321-44AA-B6EE-788160071C2E}"
EndProject
Project("{FAE04EC0-301F-11D3-BF4B-00C04F79EFBC}") = "DescriptiveStats", "DescriptiveStats\DescriptiveStats.csproj", "{6A284C57-FCD3-4660-96CD-9C2312AAE1B7}"
EndProject
Global
	GlobalSection(SolutionConfigurationPlatforms) = preSolution
		Debug|Any CPU = Debug|Any CPU
		Release|Any CPU = Release|Any CPU
	EndGlobalSection
	GlobalSection(ProjectConfigurationPlatforms) = postSolution
		{00C59ECA-7B81-4465-B48E-1FC4799FC85A}.Debug|Any CPU.ActiveCfg = Debug|Any CPU
		{00C59ECA-7B81-4465-B48E-1FC4799FC85A}.Debug|Any CPU.Build.0 = Debug|Any CPU
		{00C59ECA-7B81-4465-B48E-1FC4799FC85A}.Release|Any CPU.ActiveCfg = Release|Any CPU
		{00C59ECA-7B81-4465-B48E-1FC4799FC85A}.Release|Any CPU.Build.0 = Release|Any CPU
		{D5331C60-01A1-42E8-9CF7-23634422741E}.Debug|Any CPU.ActiveCfg = Debug|Any CPU
		{D5331C60-01A1-42E8-9CF7-23634422741E}.Debug|Any CPU.Build.0 = Debug|Any CPU
		{D5331C60-01A1-42E8-9CF7-23634422741E}.Release|Any CPU.ActiveCfg = Release|Any CPU
		{D5331C60-01A1-42E8-9CF7-23634422741E}.Release|Any CPU.Build.0 = Release|Any CPU
		{A8CAFBAF-2F32-470B-88D5-E729B7F2810B}.Debug|Any CPU.ActiveCfg = Debug|Any CPU
		{A8CAFBAF-2F32-470B-88D5-E729B7F2810B}.Debug|Any CPU.Build.0 = Debug|Any CPU
		{A8CAFBAF-2F32-470B-88D5-E729B7F2810B}.Release|Any CPU.ActiveCfg = Release|Any CPU
		{A8CAFBAF-2F32-470B-88D5-E729B7F2810B}.Release|Any CPU.Build.0 = Release|Any CPU
		{8B16EBDB-A7D3-4210-97D2-B8FC7076293D}.Debug|Any CPU.ActiveCfg = Debug|Any CPU
		{8B16EBDB-A7D3-4210-97D2-B8FC7076293D}.Debug|Any CPU.Build.0 = Debug|Any CPU
		{8B16EBDB-A7D3-4210-97D2-B8FC7076293D}.Release|Any CPU.ActiveCfg = Release|Any CPU
		{8B16EBDB-A7D3-4210-97D2-B8FC7076293D}.Release|Any CPU.Build.0 = Release|Any CPU
		{5C614019-F712-4080-AA89-158271E1792C}.Debug|Any CPU.ActiveCfg = Debug|Any CPU
		{5C614019-F712-4080-AA89-158271E1792C}.Debug|Any CPU.Build.0 = Debug|Any CPU
		{5C614019-F712-4080-AA89-158271E1792C}.Release|Any CPU.ActiveCfg = Release|Any CPU
		{5C614019-F712-4080-AA89-158271E1792C}.Release|Any CPU.Build.0 = Release|Any CPU
		{FBCE68DC-9DB0-4FEC-A6EE-9D14800153E6}.Debug|Any CPU.ActiveCfg = Debug|Any CPU
		{FBCE68DC-9DB0-4FEC-A6EE-9D14800153E6}.Debug|Any CPU.Build.0 = Debug|Any CPU
		{FBCE68DC-9DB0-4FEC-A6EE-9D14800153E6}.Release|Any CPU.ActiveCfg = Release|Any CPU
		{FBCE68DC-9DB0-4FEC-A6EE-9D14800153E6}.Release|Any CPU.Build.0 = Release|Any CPU
		{E9F07134-C06A-44B9-83F5-3DF4426F46F9}.Debug|Any CPU.ActiveCfg = Debug|Any CPU
		{E9F07134-C06A-44B9-83F5-3DF4426F46F9}.Debug|Any CPU.Build.0 = Debug|Any CPU
		{E9F07134-C06A-44B9-83F5-3DF4426F46F9}.Release|Any CPU.ActiveCfg = Release|Any CPU
		{E9F07134-C06A-44B9-83F5-3DF4426F46F9}.Release|Any CPU.Build.0 = Release|Any CPU
		{F3EE705F-70F5-458A-974C-59E619E4702E}.Debug|Any CPU.ActiveCfg = Debug|Any CPU
		{F3EE705F-70F5-458A-974C-59E619E4702E}.Debug|Any CPU.Build.0 = Debug|Any CPU
		{F3EE705F-70F5-458A-974C-59E619E4702E}.Release|Any CPU.ActiveCfg = Release|Any CPU
		{F3EE705F-70F5-458A-974C-59E619E4702E}.Release|Any CPU.Build.0 = Release|Any CPU
		{82B22323-DFDB-4EF5-ADEF-13A89FC8FB16}.Debug|Any CPU.ActiveCfg = Debug|Any CPU
		{82B22323-DFDB-4EF5-ADEF-13A89FC8FB16}.Debug|Any CPU.Build.0 = Debug|Any CPU
		{82B22323-DFDB-4EF5-ADEF-13A89FC8FB16}.Release|Any CPU.ActiveCfg = Release|Any CPU
		{82B22323-DFDB-4EF5-ADEF-13A89FC8FB16}.Release|Any CPU.Build.0 = Release|Any CPU
		{61BD4477-8822-4577-B571-DA2D63100644}.Debug|Any CPU.ActiveCfg = Debug|Any CPU
		{61BD4477-8822-4577-B571-DA2D63100644}.Debug|Any CPU.Build.0 = Debug|Any CPU
		{61BD4477-8822-4577-B571-DA2D63100644}.Release|Any CPU.ActiveCfg = Release|Any CPU
		{61BD4477-8822-4577-B571-DA2D63100644}.Release|Any CPU.Build.0 = Release|Any CPU
		{4EAEFE81-C321-44AA-B6EE-788160071C2E}.Debug|Any CPU.ActiveCfg = Debug|Any CPU
		{4EAEFE81-C321-44AA-B6EE-788160071C2E}.Debug|Any CPU.Build.0 = Debug|Any CPU
		{4EAEFE81-C321-44AA-B6EE-788160071C2E}.Release|Any CPU.ActiveCfg = Release|Any CPU
		{4EAEFE81-C321-44AA-B6EE-788160071C2E}.Release|Any CPU.Build.0 = Release|Any CPU
		{6A284C57-FCD3-4660-96CD-9C2312AAE1B7}.Debug|Any CPU.ActiveCfg = Debug|Any CPU
		{6A284C57-FCD3-4660-96CD-9C2312AAE1B7}.Debug|Any CPU.Build.0 = Debug|Any CPU
		{6A284C57-FCD3-4660-96CD-9C2312AAE1B7}.Release|Any CPU.ActiveCfg = Release|Any CPU
		{6A284C57-FCD3-4660-96CD-9C2312AAE1B7}.Release|Any CPU.Build.0 = Release|Any CPU
	EndGlobalSection
	GlobalSection(SolutionProperties) = preSolution
		HideSolutionNode = FALSE
	EndGlobalSection
	GlobalSection(ExtensibilityGlobals) = postSolution
		SolutionGuid = {17C617CC-7E4C-4E2C-B545-F5B03DCE3978}
	EndGlobalSection
EndGlobal
